// !$*UTF8*$!
{
	archiveVersion = 1;
	classes = {
	};
	objectVersion = 46;
	objects = {

/* Begin PBXBuildFile section */
		CC314ACC1FE50D7200E48D62 /* AppDelegate.swift in Sources */ = {isa = PBXBuildFile; fileRef = CC314ACB1FE50D7200E48D62 /* AppDelegate.swift */; };
		CC314ACE1FE50D7200E48D62 /* ViewController.swift in Sources */ = {isa = PBXBuildFile; fileRef = CC314ACD1FE50D7200E48D62 /* ViewController.swift */; };
		CC314AD11FE50D7200E48D62 /* Main.storyboard in Resources */ = {isa = PBXBuildFile; fileRef = CC314ACF1FE50D7200E48D62 /* Main.storyboard */; };
		CC314AD31FE50D7200E48D62 /* Assets.xcassets in Resources */ = {isa = PBXBuildFile; fileRef = CC314AD21FE50D7200E48D62 /* Assets.xcassets */; };
		CC314AD61FE50D7200E48D62 /* LaunchScreen.storyboard in Resources */ = {isa = PBXBuildFile; fileRef = CC314AD41FE50D7200E48D62 /* LaunchScreen.storyboard */; };
		CC314AE11FE50D7200E48D62 /* ios_ui_table_tutorialTests.swift in Sources */ = {isa = PBXBuildFile; fileRef = CC314AE01FE50D7200E48D62 /* ios_ui_table_tutorialTests.swift */; };
		CC314AEC1FE50D7200E48D62 /* ios_ui_table_tutorialUITests.swift in Sources */ = {isa = PBXBuildFile; fileRef = CC314AEB1FE50D7200E48D62 /* ios_ui_table_tutorialUITests.swift */; };
		CC314AFC1FE5137E00E48D62 /* test1.png in Resources */ = {isa = PBXBuildFile; fileRef = CC314AFA1FE5137E00E48D62 /* test1.png */; };
		CC314AFD1FE5137E00E48D62 /* test2.png in Resources */ = {isa = PBXBuildFile; fileRef = CC314AFB1FE5137E00E48D62 /* test2.png */; };
/* End PBXBuildFile section */

/* Begin PBXContainerItemProxy section */
		CC314ADD1FE50D7200E48D62 /* PBXContainerItemProxy */ = {
			isa = PBXContainerItemProxy;
			containerPortal = CC314AC01FE50D7200E48D62 /* Project object */;
			proxyType = 1;
			remoteGlobalIDString = CC314AC71FE50D7200E48D62;
			remoteInfo = "ios-ui-table-tutorial";
		};
		CC314AE81FE50D7200E48D62 /* PBXContainerItemProxy */ = {
			isa = PBXContainerItemProxy;
			containerPortal = CC314AC01FE50D7200E48D62 /* Project object */;
			proxyType = 1;
			remoteGlobalIDString = CC314AC71FE50D7200E48D62;
			remoteInfo = "ios-ui-table-tutorial";
		};
/* End PBXContainerItemProxy section */

/* Begin PBXFileReference section */
		CC314AC81FE50D7200E48D62 /* ios-ui-table-tutorial.app */ = {isa = PBXFileReference; explicitFileType = wrapper.application; includeInIndex = 0; path = "ios-ui-table-tutorial.app"; sourceTree = BUILT_PRODUCTS_DIR; };
		CC314ACB1FE50D7200E48D62 /* AppDelegate.swift */ = {isa = PBXFileReference; lastKnownFileType = sourcecode.swift; path = AppDelegate.swift; sourceTree = "<group>"; };
		CC314ACD1FE50D7200E48D62 /* ViewController.swift */ = {isa = PBXFileReference; lastKnownFileType = sourcecode.swift; path = ViewController.swift; sourceTree = "<group>"; };
		CC314AD01FE50D7200E48D62 /* Base */ = {isa = PBXFileReference; lastKnownFileType = file.storyboard; name = Base; path = Base.lproj/Main.storyboard; sourceTree = "<group>"; };
		CC314AD21FE50D7200E48D62 /* Assets.xcassets */ = {isa = PBXFileReference; lastKnownFileType = folder.assetcatalog; path = Assets.xcassets; sourceTree = "<group>"; };
		CC314AD51FE50D7200E48D62 /* Base */ = {isa = PBXFileReference; lastKnownFileType = file.storyboard; name = Base; path = Base.lproj/LaunchScreen.storyboard; sourceTree = "<group>"; };
		CC314AD71FE50D7200E48D62 /* Info.plist */ = {isa = PBXFileReference; lastKnownFileType = text.plist.xml; path = Info.plist; sourceTree = "<group>"; };
		CC314ADC1FE50D7200E48D62 /* ios-ui-table-tutorialTests.xctest */ = {isa = PBXFileReference; explicitFileType = wrapper.cfbundle; includeInIndex = 0; path = "ios-ui-table-tutorialTests.xctest"; sourceTree = BUILT_PRODUCTS_DIR; };
		CC314AE01FE50D7200E48D62 /* ios_ui_table_tutorialTests.swift */ = {isa = PBXFileReference; lastKnownFileType = sourcecode.swift; path = ios_ui_table_tutorialTests.swift; sourceTree = "<group>"; };
		CC314AE21FE50D7200E48D62 /* Info.plist */ = {isa = PBXFileReference; lastKnownFileType = text.plist.xml; path = Info.plist; sourceTree = "<group>"; };
		CC314AE71FE50D7200E48D62 /* ios-ui-table-tutorialUITests.xctest */ = {isa = PBXFileReference; explicitFileType = wrapper.cfbundle; includeInIndex = 0; path = "ios-ui-table-tutorialUITests.xctest"; sourceTree = BUILT_PRODUCTS_DIR; };
		CC314AEB1FE50D7200E48D62 /* ios_ui_table_tutorialUITests.swift */ = {isa = PBXFileReference; lastKnownFileType = sourcecode.swift; path = ios_ui_table_tutorialUITests.swift; sourceTree = "<group>"; };
		CC314AED1FE50D7200E48D62 /* Info.plist */ = {isa = PBXFileReference; lastKnownFileType = text.plist.xml; path = Info.plist; sourceTree = "<group>"; };
		CC314AFA1FE5137E00E48D62 /* test1.png */ = {isa = PBXFileReference; lastKnownFileType = image.png; path = test1.png; sourceTree = "<group>"; };
		CC314AFB1FE5137E00E48D62 /* test2.png */ = {isa = PBXFileReference; lastKnownFileType = image.png; path = test2.png; sourceTree = "<group>"; };
/* End PBXFileReference section */

/* Begin PBXFrameworksBuildPhase section */
		CC314AC51FE50D7200E48D62 /* Frameworks */ = {
			isa = PBXFrameworksBuildPhase;
			buildActionMask = 2147483647;
			files = (
			);
			runOnlyForDeploymentPostprocessing = 0;
		};
		CC314AD91FE50D7200E48D62 /* Frameworks */ = {
			isa = PBXFrameworksBuildPhase;
			buildActionMask = 2147483647;
			files = (
			);
			runOnlyForDeploymentPostprocessing = 0;
		};
		CC314AE41FE50D7200E48D62 /* Frameworks */ = {
			isa = PBXFrameworksBuildPhase;
			buildActionMask = 2147483647;
			files = (
			);
			runOnlyForDeploymentPostprocessing = 0;
		};
/* End PBXFrameworksBuildPhase section */

/* Begin PBXGroup section */
		CC314ABF1FE50D7200E48D62 = {
			isa = PBXGroup;
			children = (
				CC314ACA1FE50D7200E48D62 /* ios-ui-table-tutorial */,
				CC314ADF1FE50D7200E48D62 /* ios-ui-table-tutorialTests */,
				CC314AEA1FE50D7200E48D62 /* ios-ui-table-tutorialUITests */,
				CC314AC91FE50D7200E48D62 /* Products */,
			);
			sourceTree = "<group>";
		};
		CC314AC91FE50D7200E48D62 /* Products */ = {
			isa = PBXGroup;
			children = (
				CC314AC81FE50D7200E48D62 /* ios-ui-table-tutorial.app */,
				CC314ADC1FE50D7200E48D62 /* ios-ui-table-tutorialTests.xctest */,
				CC314AE71FE50D7200E48D62 /* ios-ui-table-tutorialUITests.xctest */,
			);
			name = Products;
			sourceTree = "<group>";
		};
		CC314ACA1FE50D7200E48D62 /* ios-ui-table-tutorial */ = {
			isa = PBXGroup;
			children = (
				CC314AF91FE512EC00E48D62 /* Images */,
				CC314ACB1FE50D7200E48D62 /* AppDelegate.swift */,
				CC314ACD1FE50D7200E48D62 /* ViewController.swift */,
				CC314ACF1FE50D7200E48D62 /* Main.storyboard */,
				CC314AD21FE50D7200E48D62 /* Assets.xcassets */,
				CC314AD41FE50D7200E48D62 /* LaunchScreen.storyboard */,
				CC314AD71FE50D7200E48D62 /* Info.plist */,
			);
			path = "ios-ui-table-tutorial";
			sourceTree = "<group>";
		};
		CC314ADF1FE50D7200E48D62 /* ios-ui-table-tutorialTests */ = {
			isa = PBXGroup;
			children = (
				CC314AE01FE50D7200E48D62 /* ios_ui_table_tutorialTests.swift */,
				CC314AE21FE50D7200E48D62 /* Info.plist */,
			);
			path = "ios-ui-table-tutorialTests";
			sourceTree = "<group>";
		};
		CC314AEA1FE50D7200E48D62 /* ios-ui-table-tutorialUITests */ = {
			isa = PBXGroup;
			children = (
				CC314AEB1FE50D7200E48D62 /* ios_ui_table_tutorialUITests.swift */,
				CC314AED1FE50D7200E48D62 /* Info.plist */,
			);
			path = "ios-ui-table-tutorialUITests";
			sourceTree = "<group>";
		};
		CC314AF91FE512EC00E48D62 /* Images */ = {
			isa = PBXGroup;
			children = (
				CC314AFA1FE5137E00E48D62 /* test1.png */,
				CC314AFB1FE5137E00E48D62 /* test2.png */,
			);
			name = Images;
			sourceTree = "<group>";
		};
/* End PBXGroup section */

/* Begin PBXNativeTarget section */
		CC314AC71FE50D7200E48D62 /* ios-ui-table-tutorial */ = {
			isa = PBXNativeTarget;
			buildConfigurationList = CC314AF01FE50D7200E48D62 /* Build configuration list for PBXNativeTarget "ios-ui-table-tutorial" */;
			buildPhases = (
				CC314AC41FE50D7200E48D62 /* Sources */,
				CC314AC51FE50D7200E48D62 /* Frameworks */,
				CC314AC61FE50D7200E48D62 /* Resources */,
			);
			buildRules = (
			);
			dependencies = (
			);
			name = "ios-ui-table-tutorial";
			productName = "ios-ui-table-tutorial";
			productReference = CC314AC81FE50D7200E48D62 /* ios-ui-table-tutorial.app */;
			productType = "com.apple.product-type.application";
		};
		CC314ADB1FE50D7200E48D62 /* ios-ui-table-tutorialTests */ = {
			isa = PBXNativeTarget;
			buildConfigurationList = CC314AF31FE50D7200E48D62 /* Build configuration list for PBXNativeTarget "ios-ui-table-tutorialTests" */;
			buildPhases = (
				CC314AD81FE50D7200E48D62 /* Sources */,
				CC314AD91FE50D7200E48D62 /* Frameworks */,
				CC314ADA1FE50D7200E48D62 /* Resources */,
			);
			buildRules = (
			);
			dependencies = (
				CC314ADE1FE50D7200E48D62 /* PBXTargetDependency */,
			);
			name = "ios-ui-table-tutorialTests";
			productName = "ios-ui-table-tutorialTests";
			productReference = CC314ADC1FE50D7200E48D62 /* ios-ui-table-tutorialTests.xctest */;
			productType = "com.apple.product-type.bundle.unit-test";
		};
		CC314AE61FE50D7200E48D62 /* ios-ui-table-tutorialUITests */ = {
			isa = PBXNativeTarget;
			buildConfigurationList = CC314AF61FE50D7200E48D62 /* Build configuration list for PBXNativeTarget "ios-ui-table-tutorialUITests" */;
			buildPhases = (
				CC314AE31FE50D7200E48D62 /* Sources */,
				CC314AE41FE50D7200E48D62 /* Frameworks */,
				CC314AE51FE50D7200E48D62 /* Resources */,
			);
			buildRules = (
			);
			dependencies = (
				CC314AE91FE50D7200E48D62 /* PBXTargetDependency */,
			);
			name = "ios-ui-table-tutorialUITests";
			productName = "ios-ui-table-tutorialUITests";
			productReference = CC314AE71FE50D7200E48D62 /* ios-ui-table-tutorialUITests.xctest */;
			productType = "com.apple.product-type.bundle.ui-testing";
		};
/* End PBXNativeTarget section */

/* Begin PBXProject section */
		CC314AC01FE50D7200E48D62 /* Project object */ = {
			isa = PBXProject;
			attributes = {
				LastSwiftUpdateCheck = 0820;
				LastUpgradeCheck = 0820;
				ORGANIZATIONNAME = "Narongsak Chobsri";
				TargetAttributes = {
					CC314AC71FE50D7200E48D62 = {
						CreatedOnToolsVersion = 8.2.1;
						ProvisioningStyle = Automatic;
					};
					CC314ADB1FE50D7200E48D62 = {
						CreatedOnToolsVersion = 8.2.1;
						ProvisioningStyle = Automatic;
						TestTargetID = CC314AC71FE50D7200E48D62;
					};
					CC314AE61FE50D7200E48D62 = {
						CreatedOnToolsVersion = 8.2.1;
						ProvisioningStyle = Automatic;
						TestTargetID = CC314AC71FE50D7200E48D62;
					};
				};
			};
			buildConfigurationList = CC314AC31FE50D7200E48D62 /* Build configuration list for PBXProject "ios-ui-table-tutorial" */;
			compatibilityVersion = "Xcode 3.2";
			developmentRegion = English;
			hasScannedForEncodings = 0;
			knownRegions = (
				en,
				Base,
			);
			mainGroup = CC314ABF1FE50D7200E48D62;
			productRefGroup = CC314AC91FE50D7200E48D62 /* Products */;
			projectDirPath = "";
			projectRoot = "";
			targets = (
				CC314AC71FE50D7200E48D62 /* ios-ui-table-tutorial */,
				CC314ADB1FE50D7200E48D62 /* ios-ui-table-tutorialTests */,
				CC314AE61FE50D7200E48D62 /* ios-ui-table-tutorialUITests */,
			);
		};
/* End PBXProject section */

/* Begin PBXResourcesBuildPhase section */
		CC314AC61FE50D7200E48D62 /* Resources */ = {
			isa = PBXResourcesBuildPhase;
			buildActionMask = 2147483647;
			files = (
				CC314AD61FE50D7200E48D62 /* LaunchScreen.storyboard in Resources */,
				CC314AD31FE50D7200E48D62 /* Assets.xcassets in Resources */,
				CC314AFD1FE5137E00E48D62 /* test2.png in Resources */,
				CC314AFC1FE5137E00E48D62 /* test1.png in Resources */,
				CC314AD11FE50D7200E48D62 /* Main.storyboard in Resources */,
			);
			runOnlyForDeploymentPostprocessing = 0;
		};
		CC314ADA1FE50D7200E48D62 /* Resources */ = {
			isa = PBXResourcesBuildPhase;
			buildActionMask = 2147483647;
			files = (
			);
			runOnlyForDeploymentPostprocessing = 0;
		};
		CC314AE51FE50D7200E48D62 /* Resources */ = {
			isa = PBXResourcesBuildPhase;
			buildActionMask = 2147483647;
			files = (
			);
			runOnlyForDeploymentPostprocessing = 0;
		};
/* End PBXResourcesBuildPhase section */

/* Begin PBXSourcesBuildPhase section */
		CC314AC41FE50D7200E48D62 /* Sources */ = {
			isa = PBXSourcesBuildPhase;
			buildActionMask = 2147483647;
			files = (
				CC314ACE1FE50D7200E48D62 /* ViewController.swift in Sources */,
				CC314ACC1FE50D7200E48D62 /* AppDelegate.swift in Sources */,
			);
			runOnlyForDeploymentPostprocessing = 0;
		};
		CC314AD81FE50D7200E48D62 /* Sources */ = {
			isa = PBXSourcesBuildPhase;
			buildActionMask = 2147483647;
			files = (
				CC314AE11FE50D7200E48D62 /* ios_ui_table_tutorialTests.swift in Sources */,
			);
			runOnlyForDeploymentPostprocessing = 0;
		};
		CC314AE31FE50D7200E48D62 /* Sources */ = {
			isa = PBXSourcesBuildPhase;
			buildActionMask = 2147483647;
			files = (
				CC314AEC1FE50D7200E48D62 /* ios_ui_table_tutorialUITests.swift in Sources */,
			);
			runOnlyForDeploymentPostprocessing = 0;
		};
/* End PBXSourcesBuildPhase section */

/* Begin PBXTargetDependency section */
		CC314ADE1FE50D7200E48D62 /* PBXTargetDependency */ = {
			isa = PBXTargetDependency;
			target = CC314AC71FE50D7200E48D62 /* ios-ui-table-tutorial */;
			targetProxy = CC314ADD1FE50D7200E48D62 /* PBXContainerItemProxy */;
		};
		CC314AE91FE50D7200E48D62 /* PBXTargetDependency */ = {
			isa = PBXTargetDependency;
			target = CC314AC71FE50D7200E48D62 /* ios-ui-table-tutorial */;
			targetProxy = CC314AE81FE50D7200E48D62 /* PBXContainerItemProxy */;
		};
/* End PBXTargetDependency section */

/* Begin PBXVariantGroup section */
		CC314ACF1FE50D7200E48D62 /* Main.storyboard */ = {
			isa = PBXVariantGroup;
			children = (
				CC314AD01FE50D7200E48D62 /* Base */,
			);
			name = Main.storyboard;
			sourceTree = "<group>";
		};
		CC314AD41FE50D7200E48D62 /* LaunchScreen.storyboard */ = {
			isa = PBXVariantGroup;
			children = (
				CC314AD51FE50D7200E48D62 /* Base */,
			);
			name = LaunchScreen.storyboard;
			sourceTree = "<group>";
		};
/* End PBXVariantGroup section */

/* Begin XCBuildConfiguration section */
		CC314AEE1FE50D7200E48D62 /* Debug */ = {
			isa = XCBuildConfiguration;
			buildSettings = {
				ALWAYS_SEARCH_USER_PATHS = NO;
				CLANG_ANALYZER_NONNULL = YES;
				CLANG_CXX_LANGUAGE_STANDARD = "gnu++0x";
				CLANG_CXX_LIBRARY = "libc++";
				CLANG_ENABLE_MODULES = YES;
				CLANG_ENABLE_OBJC_ARC = YES;
				CLANG_WARN_BOOL_CONVERSION = YES;
				CLANG_WARN_CONSTANT_CONVERSION = YES;
				CLANG_WARN_DIRECT_OBJC_ISA_USAGE = YES_ERROR;
				CLANG_WARN_DOCUMENTATION_COMMENTS = YES;
				CLANG_WARN_EMPTY_BODY = YES;
				CLANG_WARN_ENUM_CONVERSION = YES;
				CLANG_WARN_INFINITE_RECURSION = YES;
				CLANG_WARN_INT_CONVERSION = YES;
				CLANG_WARN_OBJC_ROOT_CLASS = YES_ERROR;
				CLANG_WARN_SUSPICIOUS_MOVE = YES;
				CLANG_WARN_UNREACHABLE_CODE = YES;
				CLANG_WARN__DUPLICATE_METHOD_MATCH = YES;
				"CODE_SIGN_IDENTITY[sdk=iphoneos*]" = "iPhone Developer";
				COPY_PHASE_STRIP = NO;
				DEBUG_INFORMATION_FORMAT = dwarf;
				ENABLE_STRICT_OBJC_MSGSEND = YES;
				ENABLE_TESTABILITY = YES;
				GCC_C_LANGUAGE_STANDARD = gnu99;
				GCC_DYNAMIC_NO_PIC = NO;
				GCC_NO_COMMON_BLOCKS = YES;
				GCC_OPTIMIZATION_LEVEL = 0;
				GCC_PREPROCESSOR_DEFINITIONS = (
					"DEBUG=1",
					"$(inherited)",
				);
				GCC_WARN_64_TO_32_BIT_CONVERSION = YES;
				GCC_WARN_ABOUT_RETURN_TYPE = YES_ERROR;
				GCC_WARN_UNDECLARED_SELECTOR = YES;
				GCC_WARN_UNINITIALIZED_AUTOS = YES_AGGRESSIVE;
				GCC_WARN_UNUSED_FUNCTION = YES;
				GCC_WARN_UNUSED_VARIABLE = YES;
				IPHONEOS_DEPLOYMENT_TARGET = 10.2;
				MTL_ENABLE_DEBUG_INFO = YES;
				ONLY_ACTIVE_ARCH = YES;
				SDKROOT = iphoneos;
				SWIFT_ACTIVE_COMPILATION_CONDITIONS = DEBUG;
				SWIFT_OPTIMIZATION_LEVEL = "-Onone";
			};
			name = Debug;
		};
		CC314AEF1FE50D7200E48D62 /* Release */ = {
			isa = XCBuildConfiguration;
			buildSettings = {
				ALWAYS_SEARCH_USER_PATHS = NO;
				CLANG_ANALYZER_NONNULL = YES;
				CLANG_CXX_LANGUAGE_STANDARD = "gnu++0x";
				CLANG_CXX_LIBRARY = "libc++";
				CLANG_ENABLE_MODULES = YES;
				CLANG_ENABLE_OBJC_ARC = YES;
				CLANG_WARN_BOOL_CONVERSION = YES;
				CLANG_WARN_CONSTANT_CONVERSION = YES;
				CLANG_WARN_DIRECT_OBJC_ISA_USAGE = YES_ERROR;
				CLANG_WARN_DOCUMENTATION_COMMENTS = YES;
				CLANG_WARN_EMPTY_BODY = YES;
				CLANG_WARN_ENUM_CONVERSION = YES;
				CLANG_WARN_INFINITE_RECURSION = YES;
				CLANG_WARN_INT_CONVERSION = YES;
				CLANG_WARN_OBJC_ROOT_CLASS = YES_ERROR;
				CLANG_WARN_SUSPICIOUS_MOVE = YES;
				CLANG_WARN_UNREACHABLE_CODE = YES;
				CLANG_WARN__DUPLICATE_METHOD_MATCH = YES;
				"CODE_SIGN_IDENTITY[sdk=iphoneos*]" = "iPhone Developer";
				COPY_PHASE_STRIP = NO;
				DEBUG_INFORMATION_FORMAT = "dwarf-with-dsym";
				ENABLE_NS_ASSERTIONS = NO;
				ENABLE_STRICT_OBJC_MSGSEND = YES;
				GCC_C_LANGUAGE_STANDARD = gnu99;
				GCC_NO_COMMON_BLOCKS = YES;
				GCC_WARN_64_TO_32_BIT_CONVERSION = YES;
				GCC_WARN_ABOUT_RETURN_TYPE = YES_ERROR;
				GCC_WARN_UNDECLARED_SELECTOR = YES;
				GCC_WARN_UNINITIALIZED_AUTOS = YES_AGGRESSIVE;
				GCC_WARN_UNUSED_FUNCTION = YES;
				GCC_WARN_UNUSED_VARIABLE = YES;
				IPHONEOS_DEPLOYMENT_TARGET = 10.2;
				MTL_ENABLE_DEBUG_INFO = NO;
				SDKROOT = iphoneos;
				SWIFT_OPTIMIZATION_LEVEL = "-Owholemodule";
				VALIDATE_PRODUCT = YES;
			};
			name = Release;
		};
		CC314AF11FE50D7200E48D62 /* Debug */ = {
			isa = XCBuildConfiguration;
			buildSettings = {
				ASSETCATALOG_COMPILER_APPICON_NAME = AppIcon;
				INFOPLIST_FILE = "ios-ui-table-tutorial/Info.plist";
				LD_RUNPATH_SEARCH_PATHS = "$(inherited) @executable_path/Frameworks";
				PRODUCT_BUNDLE_IDENTIFIER = "facelespedia.com.ios-ui-table-tutorial";
				PRODUCT_NAME = "$(TARGET_NAME)";
				SWIFT_VERSION = 3.0;
			};
			name = Debug;
		};
		CC314AF21FE50D7200E48D62 /* Release */ = {
			isa = XCBuildConfiguration;
			buildSettings = {
				ASSETCATALOG_COMPILER_APPICON_NAME = AppIcon;
				INFOPLIST_FILE = "ios-ui-table-tutorial/Info.plist";
				LD_RUNPATH_SEARCH_PATHS = "$(inherited) @executable_path/Frameworks";
				PRODUCT_BUNDLE_IDENTIFIER = "facelespedia.com.ios-ui-table-tutorial";
				PRODUCT_NAME = "$(TARGET_NAME)";
				SWIFT_VERSION = 3.0;
			};
			name = Release;
		};
		CC314AF41FE50D7200E48D62 /* Debug */ = {
			isa = XCBuildConfiguration;
			buildSettings = {
				ALWAYS_EMBED_SWIFT_STANDARD_LIBRARIES = YES;
				BUNDLE_LOADER = "$(TEST_HOST)";
				INFOPLIST_FILE = "ios-ui-table-tutorialTests/Info.plist";
				LD_RUNPATH_SEARCH_PATHS = "$(inherited) @executable_path/Frameworks @loader_path/Frameworks";
				PRODUCT_BUNDLE_IDENTIFIER = "facelespedia.com.ios-ui-table-tutorialTests";
				PRODUCT_NAME = "$(TARGET_NAME)";
				SWIFT_VERSION = 3.0;
				TEST_HOST = "$(BUILT_PRODUCTS_DIR)/ios-ui-table-tutorial.app/ios-ui-table-tutorial";
			};
			name = Debug;
		};
		CC314AF51FE50D7200E48D62 /* Release */ = {
			isa = XCBuildConfiguration;
			buildSettings = {
				ALWAYS_EMBED_SWIFT_STANDARD_LIBRARIES = YES;
				BUNDLE_LOADER = "$(TEST_HOST)";
				INFOPLIST_FILE = "ios-ui-table-tutorialTests/Info.plist";
				LD_RUNPATH_SEARCH_PATHS = "$(inherited) @executable_path/Frameworks @loader_path/Frameworks";
				PRODUCT_BUNDLE_IDENTIFIER = "facelespedia.com.ios-ui-table-tutorialTests";
				PRODUCT_NAME = "$(TARGET_NAME)";
				SWIFT_VERSION = 3.0;
				TEST_HOST = "$(BUILT_PRODUCTS_DIR)/ios-ui-table-tutorial.app/ios-ui-table-tutorial";
			};
			name = Release;
		};
		CC314AF71FE50D7200E48D62 /* Debug */ = {
			isa = XCBuildConfiguration;
			buildSettings = {
				ALWAYS_EMBED_SWIFT_STANDARD_LIBRARIES = YES;
				INFOPLIST_FILE = "ios-ui-table-tutorialUITests/Info.plist";
				LD_RUNPATH_SEARCH_PATHS = "$(inherited) @executable_path/Frameworks @loader_path/Frameworks";
				PRODUCT_BUNDLE_IDENTIFIER = "facelespedia.com.ios-ui-table-tutorialUITests";
				PRODUCT_NAME = "$(TARGET_NAME)";
				SWIFT_VERSION = 3.0;
				TEST_TARGET_NAME = "ios-ui-table-tutorial";
			};
			name = Debug;
		};
		CC314AF81FE50D7200E48D62 /* Release */ = {
			isa = XCBuildConfiguration;
			buildSettings = {
				ALWAYS_EMBED_SWIFT_STANDARD_LIBRARIES = YES;
				INFOPLIST_FILE = "ios-ui-table-tutorialUITests/Info.plist";
				LD_RUNPATH_SEARCH_PATHS = "$(inherited) @executable_path/Frameworks @loader_path/Frameworks";
				PRODUCT_BUNDLE_IDENTIFIER = "facelespedia.com.ios-ui-table-tutorialUITests";
				PRODUCT_NAME = "$(TARGET_NAME)";
				SWIFT_VERSION = 3.0;
				TEST_TARGET_NAME = "ios-ui-table-tutorial";
			};
			name = Release;
		};
/* End XCBuildConfiguration section */

/* Begin XCConfigurationList section */
		CC314AC31FE50D7200E48D62 /* Build configuration list for PBXProject "ios-ui-table-tutorial" */ = {
			isa = XCConfigurationList;
			buildConfigurations = (
				CC314AEE1FE50D7200E48D62 /* Debug */,
				CC314AEF1FE50D7200E48D62 /* Release */,
			);
			defaultConfigurationIsVisible = 0;
			defaultConfigurationName = Release;
		};
		CC314AF01FE50D7200E48D62 /* Build configuration list for PBXNativeTarget "ios-ui-table-tutorial" */ = {
			isa = XCConfigurationList;
			buildConfigurations = (
				CC314AF11FE50D7200E48D62 /* Debug */,
				CC314AF21FE50D7200E48D62 /* Release */,
			);
			defaultConfigurationIsVisible = 0;
		};
		CC314AF31FE50D7200E48D62 /* Build configuration list for PBXNativeTarget "ios-ui-table-tutorialTests" */ = {
			isa = XCConfigurationList;
			buildConfigurations = (
				CC314AF41FE50D7200E48D62 /* Debug */,
				CC314AF51FE50D7200E48D62 /* Release */,
			);
			defaultConfigurationIsVisible = 0;
		};
		CC314AF61FE50D7200E48D62 /* Build configuration list for PBXNativeTarget "ios-ui-table-tutorialUITests" */ = {
			isa = XCConfigurationList;
			buildConfigurations = (
				CC314AF71FE50D7200E48D62 /* Debug */,
				CC314AF81FE50D7200E48D62 /* Release */,
			);
			defaultConfigurationIsVisible = 0;
		};
/* End XCConfigurationList section */
	};
	rootObject = CC314AC01FE50D7200E48D62 /* Project object */;
}
